// !$*UTF8*$!
{
	archiveVersion = 1;
	classes = {
	};
	objectVersion = 55;
	objects = {

/* Begin PBXBuildFile section */
		E23AF75127398C7600EC2018 /* APIEndpoints.swift in Sources */ = {isa = PBXBuildFile; fileRef = E23AF75027398C7600EC2018 /* APIEndpoints.swift */; };
		E23AF7552739916700EC2018 /* DetailImageTableViewCell.swift in Sources */ = {isa = PBXBuildFile; fileRef = E23AF7532739916700EC2018 /* DetailImageTableViewCell.swift */; };
		E23AF7562739916700EC2018 /* DetailImageTableViewCell.xib in Resources */ = {isa = PBXBuildFile; fileRef = E23AF7542739916700EC2018 /* DetailImageTableViewCell.xib */; };
		E23AF758273A08B600EC2018 /* ErrorDetails.swift in Sources */ = {isa = PBXBuildFile; fileRef = E23AF757273A08B600EC2018 /* ErrorDetails.swift */; };
		E23AF75B273A0BB700EC2018 /* Utility.swift in Sources */ = {isa = PBXBuildFile; fileRef = E23AF75A273A0BB700EC2018 /* Utility.swift */; };
		E23AF75D273A0C2100EC2018 /* UIApplication.swift in Sources */ = {isa = PBXBuildFile; fileRef = E23AF75C273A0C2100EC2018 /* UIApplication.swift */; };
		E2A403E4272E2CD9007E0A3D /* AppDelegate.swift in Sources */ = {isa = PBXBuildFile; fileRef = E2A403E3272E2CD9007E0A3D /* AppDelegate.swift */; };
		E2A403E6272E2CD9007E0A3D /* SceneDelegate.swift in Sources */ = {isa = PBXBuildFile; fileRef = E2A403E5272E2CD9007E0A3D /* SceneDelegate.swift */; };
		E2A403E8272E2CD9007E0A3D /* ViewController.swift in Sources */ = {isa = PBXBuildFile; fileRef = E2A403E7272E2CD9007E0A3D /* ViewController.swift */; };
		E2A403EB272E2CD9007E0A3D /* Main.storyboard in Resources */ = {isa = PBXBuildFile; fileRef = E2A403E9272E2CD9007E0A3D /* Main.storyboard */; };
		E2A403ED272E2CDC007E0A3D /* Assets.xcassets in Resources */ = {isa = PBXBuildFile; fileRef = E2A403EC272E2CDC007E0A3D /* Assets.xcassets */; };
		E2A403F0272E2CDC007E0A3D /* LaunchScreen.storyboard in Resources */ = {isa = PBXBuildFile; fileRef = E2A403EE272E2CDC007E0A3D /* LaunchScreen.storyboard */; };
		E2A403FB272E2CDC007E0A3D /* PluangeDemoTests.swift in Sources */ = {isa = PBXBuildFile; fileRef = E2A403FA272E2CDC007E0A3D /* PluangeDemoTests.swift */; };
		E2A40405272E2CDC007E0A3D /* PluangeDemoUITests.swift in Sources */ = {isa = PBXBuildFile; fileRef = E2A40404272E2CDC007E0A3D /* PluangeDemoUITests.swift */; };
		E2A40407272E2CDC007E0A3D /* PluangeDemoUITestsLaunchTests.swift in Sources */ = {isa = PBXBuildFile; fileRef = E2A40406272E2CDC007E0A3D /* PluangeDemoUITestsLaunchTests.swift */; };
		E2A4041D272E2EAA007E0A3D /* NetworkManager.swift in Sources */ = {isa = PBXBuildFile; fileRef = E2A4041C272E2EAA007E0A3D /* NetworkManager.swift */; };
		E2A40422272E349A007E0A3D /* HomeTableViewCell.swift in Sources */ = {isa = PBXBuildFile; fileRef = E2A40420272E349A007E0A3D /* HomeTableViewCell.swift */; };
		E2A40423272E349A007E0A3D /* HomeTableViewCell.xib in Resources */ = {isa = PBXBuildFile; fileRef = E2A40421272E349A007E0A3D /* HomeTableViewCell.xib */; };
		E2A40425272E367A007E0A3D /* HomeViewModel.swift in Sources */ = {isa = PBXBuildFile; fileRef = E2A40424272E367A007E0A3D /* HomeViewModel.swift */; };
		E2A40427272E38F8007E0A3D /* HomeModel.swift in Sources */ = {isa = PBXBuildFile; fileRef = E2A40426272E38F8007E0A3D /* HomeModel.swift */; };
		E2A4042A272E3BF8007E0A3D /* CatcheManager.swift in Sources */ = {isa = PBXBuildFile; fileRef = E2A40429272E3BF8007E0A3D /* CatcheManager.swift */; };
		E2A4042C272E3C1B007E0A3D /* ImageCatche.swift in Sources */ = {isa = PBXBuildFile; fileRef = E2A4042B272E3C1B007E0A3D /* ImageCatche.swift */; };
		E2A4042F272E3CF6007E0A3D /* UIImageExtention.swift in Sources */ = {isa = PBXBuildFile; fileRef = E2A4042E272E3CF6007E0A3D /* UIImageExtention.swift */; };
		E2A40431272E3D57007E0A3D /* UIImageViewExtention.swift in Sources */ = {isa = PBXBuildFile; fileRef = E2A40430272E3D57007E0A3D /* UIImageViewExtention.swift */; };
		E2A40434272EB198007E0A3D /* DetailsViewController.swift in Sources */ = {isa = PBXBuildFile; fileRef = E2A40433272EB198007E0A3D /* DetailsViewController.swift */; };
		E2A40438272EB223007E0A3D /* ProfileTableViewCell.swift in Sources */ = {isa = PBXBuildFile; fileRef = E2A40436272EB223007E0A3D /* ProfileTableViewCell.swift */; };
		E2A40439272EB223007E0A3D /* ProfileTableViewCell.xib in Resources */ = {isa = PBXBuildFile; fileRef = E2A40437272EB223007E0A3D /* ProfileTableViewCell.xib */; };
		E2A4043D272EB371007E0A3D /* DetailsTableViewCell.swift in Sources */ = {isa = PBXBuildFile; fileRef = E2A4043B272EB371007E0A3D /* DetailsTableViewCell.swift */; };
		E2A4043E272EB371007E0A3D /* DetailsTableViewCell.xib in Resources */ = {isa = PBXBuildFile; fileRef = E2A4043C272EB371007E0A3D /* DetailsTableViewCell.xib */; };
		E2A40440272EB76D007E0A3D /* DetailsViewModel.swift in Sources */ = {isa = PBXBuildFile; fileRef = E2A4043F272EB76D007E0A3D /* DetailsViewModel.swift */; };
		E2A40443272ECAA2007E0A3D /* AppStoryboard.swift in Sources */ = {isa = PBXBuildFile; fileRef = E2A40442272ECAA2007E0A3D /* AppStoryboard.swift */; };
		E2A40445272ED577007E0A3D /* BaseViewController.swift in Sources */ = {isa = PBXBuildFile; fileRef = E2A40444272ED577007E0A3D /* BaseViewController.swift */; };
		E2A40448272ED67B007E0A3D /* UITableView+Reuseble.swift in Sources */ = {isa = PBXBuildFile; fileRef = E2A40447272ED67B007E0A3D /* UITableView+Reuseble.swift */; };
		E2A4044A272ED6FD007E0A3D /* Reusable.swift in Sources */ = {isa = PBXBuildFile; fileRef = E2A40449272ED6FD007E0A3D /* Reusable.swift */; };
		E2A4044D272ED78D007E0A3D /* UIView+Nib.swift in Sources */ = {isa = PBXBuildFile; fileRef = E2A4044C272ED78D007E0A3D /* UIView+Nib.swift */; };
		E2A40450272EDBB7007E0A3D /* Constant.swift in Sources */ = {isa = PBXBuildFile; fileRef = E2A4044F272EDBB7007E0A3D /* Constant.swift */; };
/* End PBXBuildFile section */

/* Begin PBXContainerItemProxy section */
		E2A403F7272E2CDC007E0A3D /* PBXContainerItemProxy */ = {
			isa = PBXContainerItemProxy;
			containerPortal = E2A403D8272E2CD9007E0A3D /* Project object */;
			proxyType = 1;
			remoteGlobalIDString = E2A403DF272E2CD9007E0A3D;
			remoteInfo = PluangeDemo;
		};
		E2A40401272E2CDC007E0A3D /* PBXContainerItemProxy */ = {
			isa = PBXContainerItemProxy;
			containerPortal = E2A403D8272E2CD9007E0A3D /* Project object */;
			proxyType = 1;
			remoteGlobalIDString = E2A403DF272E2CD9007E0A3D;
			remoteInfo = PluangeDemo;
		};
/* End PBXContainerItemProxy section */

/* Begin PBXFileReference section */
		E23AF75027398C7600EC2018 /* APIEndpoints.swift */ = {isa = PBXFileReference; lastKnownFileType = sourcecode.swift; path = APIEndpoints.swift; sourceTree = "<group>"; };
		E23AF7532739916700EC2018 /* DetailImageTableViewCell.swift */ = {isa = PBXFileReference; lastKnownFileType = sourcecode.swift; path = DetailImageTableViewCell.swift; sourceTree = "<group>"; };
		E23AF7542739916700EC2018 /* DetailImageTableViewCell.xib */ = {isa = PBXFileReference; lastKnownFileType = file.xib; path = DetailImageTableViewCell.xib; sourceTree = "<group>"; };
		E23AF757273A08B600EC2018 /* ErrorDetails.swift */ = {isa = PBXFileReference; lastKnownFileType = sourcecode.swift; path = ErrorDetails.swift; sourceTree = "<group>"; };
		E23AF75A273A0BB700EC2018 /* Utility.swift */ = {isa = PBXFileReference; lastKnownFileType = sourcecode.swift; path = Utility.swift; sourceTree = "<group>"; };
		E23AF75C273A0C2100EC2018 /* UIApplication.swift */ = {isa = PBXFileReference; lastKnownFileType = sourcecode.swift; path = UIApplication.swift; sourceTree = "<group>"; };
		E2A403E0272E2CD9007E0A3D /* PluangeDemo.app */ = {isa = PBXFileReference; explicitFileType = wrapper.application; includeInIndex = 0; path = PluangeDemo.app; sourceTree = BUILT_PRODUCTS_DIR; };
		E2A403E3272E2CD9007E0A3D /* AppDelegate.swift */ = {isa = PBXFileReference; lastKnownFileType = sourcecode.swift; path = AppDelegate.swift; sourceTree = "<group>"; };
		E2A403E5272E2CD9007E0A3D /* SceneDelegate.swift */ = {isa = PBXFileReference; lastKnownFileType = sourcecode.swift; path = SceneDelegate.swift; sourceTree = "<group>"; };
		E2A403E7272E2CD9007E0A3D /* ViewController.swift */ = {isa = PBXFileReference; lastKnownFileType = sourcecode.swift; path = ViewController.swift; sourceTree = "<group>"; };
		E2A403EA272E2CD9007E0A3D /* Base */ = {isa = PBXFileReference; lastKnownFileType = file.storyboard; name = Base; path = Base.lproj/Main.storyboard; sourceTree = "<group>"; };
		E2A403EC272E2CDC007E0A3D /* Assets.xcassets */ = {isa = PBXFileReference; lastKnownFileType = folder.assetcatalog; path = Assets.xcassets; sourceTree = "<group>"; };
		E2A403EF272E2CDC007E0A3D /* Base */ = {isa = PBXFileReference; lastKnownFileType = file.storyboard; name = Base; path = Base.lproj/LaunchScreen.storyboard; sourceTree = "<group>"; };
		E2A403F1272E2CDC007E0A3D /* Info.plist */ = {isa = PBXFileReference; lastKnownFileType = text.plist.xml; path = Info.plist; sourceTree = "<group>"; };
		E2A403F6272E2CDC007E0A3D /* PluangeDemoTests.xctest */ = {isa = PBXFileReference; explicitFileType = wrapper.cfbundle; includeInIndex = 0; path = PluangeDemoTests.xctest; sourceTree = BUILT_PRODUCTS_DIR; };
		E2A403FA272E2CDC007E0A3D /* PluangeDemoTests.swift */ = {isa = PBXFileReference; lastKnownFileType = sourcecode.swift; path = PluangeDemoTests.swift; sourceTree = "<group>"; };
		E2A40400272E2CDC007E0A3D /* PluangeDemoUITests.xctest */ = {isa = PBXFileReference; explicitFileType = wrapper.cfbundle; includeInIndex = 0; path = PluangeDemoUITests.xctest; sourceTree = BUILT_PRODUCTS_DIR; };
		E2A40404272E2CDC007E0A3D /* PluangeDemoUITests.swift */ = {isa = PBXFileReference; lastKnownFileType = sourcecode.swift; path = PluangeDemoUITests.swift; sourceTree = "<group>"; };
		E2A40406272E2CDC007E0A3D /* PluangeDemoUITestsLaunchTests.swift */ = {isa = PBXFileReference; lastKnownFileType = sourcecode.swift; path = PluangeDemoUITestsLaunchTests.swift; sourceTree = "<group>"; };
		E2A4041C272E2EAA007E0A3D /* NetworkManager.swift */ = {isa = PBXFileReference; lastKnownFileType = sourcecode.swift; path = NetworkManager.swift; sourceTree = "<group>"; };
		E2A40420272E349A007E0A3D /* HomeTableViewCell.swift */ = {isa = PBXFileReference; lastKnownFileType = sourcecode.swift; path = HomeTableViewCell.swift; sourceTree = "<group>"; };
		E2A40421272E349A007E0A3D /* HomeTableViewCell.xib */ = {isa = PBXFileReference; lastKnownFileType = file.xib; path = HomeTableViewCell.xib; sourceTree = "<group>"; };
		E2A40424272E367A007E0A3D /* HomeViewModel.swift */ = {isa = PBXFileReference; lastKnownFileType = sourcecode.swift; path = HomeViewModel.swift; sourceTree = "<group>"; };
		E2A40426272E38F8007E0A3D /* HomeModel.swift */ = {isa = PBXFileReference; lastKnownFileType = sourcecode.swift; path = HomeModel.swift; sourceTree = "<group>"; };
		E2A40429272E3BF8007E0A3D /* CatcheManager.swift */ = {isa = PBXFileReference; lastKnownFileType = sourcecode.swift; path = CatcheManager.swift; sourceTree = "<group>"; };
		E2A4042B272E3C1B007E0A3D /* ImageCatche.swift */ = {isa = PBXFileReference; lastKnownFileType = sourcecode.swift; path = ImageCatche.swift; sourceTree = "<group>"; };
		E2A4042E272E3CF6007E0A3D /* UIImageExtention.swift */ = {isa = PBXFileReference; lastKnownFileType = sourcecode.swift; path = UIImageExtention.swift; sourceTree = "<group>"; };
		E2A40430272E3D57007E0A3D /* UIImageViewExtention.swift */ = {isa = PBXFileReference; lastKnownFileType = sourcecode.swift; path = UIImageViewExtention.swift; sourceTree = "<group>"; };
		E2A40433272EB198007E0A3D /* DetailsViewController.swift */ = {isa = PBXFileReference; lastKnownFileType = sourcecode.swift; path = DetailsViewController.swift; sourceTree = "<group>"; };
		E2A40436272EB223007E0A3D /* ProfileTableViewCell.swift */ = {isa = PBXFileReference; lastKnownFileType = sourcecode.swift; path = ProfileTableViewCell.swift; sourceTree = "<group>"; };
		E2A40437272EB223007E0A3D /* ProfileTableViewCell.xib */ = {isa = PBXFileReference; lastKnownFileType = file.xib; path = ProfileTableViewCell.xib; sourceTree = "<group>"; };
		E2A4043B272EB371007E0A3D /* DetailsTableViewCell.swift */ = {isa = PBXFileReference; lastKnownFileType = sourcecode.swift; path = DetailsTableViewCell.swift; sourceTree = "<group>"; };
		E2A4043C272EB371007E0A3D /* DetailsTableViewCell.xib */ = {isa = PBXFileReference; lastKnownFileType = file.xib; path = DetailsTableViewCell.xib; sourceTree = "<group>"; };
		E2A4043F272EB76D007E0A3D /* DetailsViewModel.swift */ = {isa = PBXFileReference; lastKnownFileType = sourcecode.swift; path = DetailsViewModel.swift; sourceTree = "<group>"; };
		E2A40442272ECAA2007E0A3D /* AppStoryboard.swift */ = {isa = PBXFileReference; lastKnownFileType = sourcecode.swift; path = AppStoryboard.swift; sourceTree = "<group>"; };
		E2A40444272ED577007E0A3D /* BaseViewController.swift */ = {isa = PBXFileReference; lastKnownFileType = sourcecode.swift; path = BaseViewController.swift; sourceTree = "<group>"; };
		E2A40447272ED67B007E0A3D /* UITableView+Reuseble.swift */ = {isa = PBXFileReference; lastKnownFileType = sourcecode.swift; path = "UITableView+Reuseble.swift"; sourceTree = "<group>"; };
		E2A40449272ED6FD007E0A3D /* Reusable.swift */ = {isa = PBXFileReference; lastKnownFileType = sourcecode.swift; path = Reusable.swift; sourceTree = "<group>"; };
		E2A4044C272ED78D007E0A3D /* UIView+Nib.swift */ = {isa = PBXFileReference; lastKnownFileType = sourcecode.swift; path = "UIView+Nib.swift"; sourceTree = "<group>"; };
		E2A4044F272EDBB7007E0A3D /* Constant.swift */ = {isa = PBXFileReference; lastKnownFileType = sourcecode.swift; path = Constant.swift; sourceTree = "<group>"; };
/* End PBXFileReference section */

/* Begin PBXFrameworksBuildPhase section */
		E2A403DD272E2CD9007E0A3D /* Frameworks */ = {
			isa = PBXFrameworksBuildPhase;
			buildActionMask = 2147483647;
			files = (
			);
			runOnlyForDeploymentPostprocessing = 0;
		};
		E2A403F3272E2CDC007E0A3D /* Frameworks */ = {
			isa = PBXFrameworksBuildPhase;
			buildActionMask = 2147483647;
			files = (
			);
			runOnlyForDeploymentPostprocessing = 0;
		};
		E2A403FD272E2CDC007E0A3D /* Frameworks */ = {
			isa = PBXFrameworksBuildPhase;
			buildActionMask = 2147483647;
			files = (
			);
			runOnlyForDeploymentPostprocessing = 0;
		};
/* End PBXFrameworksBuildPhase section */

/* Begin PBXGroup section */
		E23AF7522739912800EC2018 /* DetailImage */ = {
			isa = PBXGroup;
			children = (
				E23AF7532739916700EC2018 /* DetailImageTableViewCell.swift */,
				E23AF7542739916700EC2018 /* DetailImageTableViewCell.xib */,
			);
			path = DetailImage;
			sourceTree = "<group>";
		};
		E23AF759273A0B9C00EC2018 /* Utility */ = {
			isa = PBXGroup;
			children = (
				E23AF75A273A0BB700EC2018 /* Utility.swift */,
			);
			path = Utility;
			sourceTree = "<group>";
		};
		E2A403D7272E2CD9007E0A3D = {
			isa = PBXGroup;
			children = (
				E2A403E2272E2CD9007E0A3D /* PluangeDemo */,
				E2A403F9272E2CDC007E0A3D /* PluangeDemoTests */,
				E2A40403272E2CDC007E0A3D /* PluangeDemoUITests */,
				E2A403E1272E2CD9007E0A3D /* Products */,
			);
			sourceTree = "<group>";
		};
		E2A403E1272E2CD9007E0A3D /* Products */ = {
			isa = PBXGroup;
			children = (
				E2A403E0272E2CD9007E0A3D /* PluangeDemo.app */,
				E2A403F6272E2CDC007E0A3D /* PluangeDemoTests.xctest */,
				E2A40400272E2CDC007E0A3D /* PluangeDemoUITests.xctest */,
			);
			name = Products;
			sourceTree = "<group>";
		};
		E2A403E2272E2CD9007E0A3D /* PluangeDemo */ = {
			isa = PBXGroup;
			children = (
				E2A4041E272E2EEC007E0A3D /* Resources */,
				E2A40417272E2E38007E0A3D /* Common */,
				E2A40416272E2E2A007E0A3D /* Views */,
				E2A40415272E2E20007E0A3D /* Models */,
				E2A40418272E2E4A007E0A3D /* ViewModels */,
				E2A40414272E2E0C007E0A3D /* ViewControllers */,
				E2A40413272E2D72007E0A3D /* Storyboard */,
				E2A403E3272E2CD9007E0A3D /* AppDelegate.swift */,
				E2A403E5272E2CD9007E0A3D /* SceneDelegate.swift */,
				E2A403EC272E2CDC007E0A3D /* Assets.xcassets */,
				E2A403EE272E2CDC007E0A3D /* LaunchScreen.storyboard */,
				E2A403F1272E2CDC007E0A3D /* Info.plist */,
			);
			path = PluangeDemo;
			sourceTree = "<group>";
		};
		E2A403F9272E2CDC007E0A3D /* PluangeDemoTests */ = {
			isa = PBXGroup;
			children = (
				E2A403FA272E2CDC007E0A3D /* PluangeDemoTests.swift */,
			);
			path = PluangeDemoTests;
			sourceTree = "<group>";
		};
		E2A40403272E2CDC007E0A3D /* PluangeDemoUITests */ = {
			isa = PBXGroup;
			children = (
				E2A40404272E2CDC007E0A3D /* PluangeDemoUITests.swift */,
				E2A40406272E2CDC007E0A3D /* PluangeDemoUITestsLaunchTests.swift */,
			);
			path = PluangeDemoUITests;
			sourceTree = "<group>";
		};
		E2A40413272E2D72007E0A3D /* Storyboard */ = {
			isa = PBXGroup;
			children = (
				E2A403E9272E2CD9007E0A3D /* Main.storyboard */,
			);
			path = Storyboard;
			sourceTree = "<group>";
		};
		E2A40414272E2E0C007E0A3D /* ViewControllers */ = {
			isa = PBXGroup;
			children = (
				E2A403E7272E2CD9007E0A3D /* ViewController.swift */,
				E2A40433272EB198007E0A3D /* DetailsViewController.swift */,
				E2A40444272ED577007E0A3D /* BaseViewController.swift */,
			);
			path = ViewControllers;
			sourceTree = "<group>";
		};
		E2A40415272E2E20007E0A3D /* Models */ = {
			isa = PBXGroup;
			children = (
				E2A40426272E38F8007E0A3D /* HomeModel.swift */,
			);
			path = Models;
			sourceTree = "<group>";
		};
		E2A40416272E2E2A007E0A3D /* Views */ = {
			isa = PBXGroup;
			children = (
				E2A4041A272E2E72007E0A3D /* CollectionViewCells */,
				E2A40419272E2E63007E0A3D /* TableViewCells */,
			);
			path = Views;
			sourceTree = "<group>";
		};
		E2A40417272E2E38007E0A3D /* Common */ = {
			isa = PBXGroup;
			children = (
				E23AF759273A0B9C00EC2018 /* Utility */,
				E2A4044E272EDBA3007E0A3D /* Constant */,
				E2A40446272ED660007E0A3D /* Core */,
				E2A40441272ECA86007E0A3D /* AppStoryboard */,
				E2A40432272E79C2007E0A3D /* Network */,
				E2A4042D272E3CC1007E0A3D /* Extentions */,
				E2A40428272E3B81007E0A3D /* Catche */,
			);
			path = Common;
			sourceTree = "<group>";
		};
		E2A40418272E2E4A007E0A3D /* ViewModels */ = {
			isa = PBXGroup;
			children = (
				E2A40424272E367A007E0A3D /* HomeViewModel.swift */,
				E2A4043F272EB76D007E0A3D /* DetailsViewModel.swift */,
			);
			path = ViewModels;
			sourceTree = "<group>";
		};
		E2A40419272E2E63007E0A3D /* TableViewCells */ = {
			isa = PBXGroup;
			children = (
				E23AF7522739912800EC2018 /* DetailImage */,
				E2A4043A272EB348007E0A3D /* Details */,
				E2A40435272EB200007E0A3D /* Profile */,
				E2A4041F272E3136007E0A3D /* Home */,
			);
			path = TableViewCells;
			sourceTree = "<group>";
		};
		E2A4041A272E2E72007E0A3D /* CollectionViewCells */ = {
			isa = PBXGroup;
			children = (
			);
			path = CollectionViewCells;
			sourceTree = "<group>";
		};
		E2A4041E272E2EEC007E0A3D /* Resources */ = {
			isa = PBXGroup;
			children = (
			);
			path = Resources;
			sourceTree = "<group>";
		};
		E2A4041F272E3136007E0A3D /* Home */ = {
			isa = PBXGroup;
			children = (
				E2A40420272E349A007E0A3D /* HomeTableViewCell.swift */,
				E2A40421272E349A007E0A3D /* HomeTableViewCell.xib */,
			);
			path = Home;
			sourceTree = "<group>";
		};
		E2A40428272E3B81007E0A3D /* Catche */ = {
			isa = PBXGroup;
			children = (
				E2A40429272E3BF8007E0A3D /* CatcheManager.swift */,
				E2A4042B272E3C1B007E0A3D /* ImageCatche.swift */,
			);
			path = Catche;
			sourceTree = "<group>";
		};
		E2A4042D272E3CC1007E0A3D /* Extentions */ = {
			isa = PBXGroup;
			children = (
				E2A4042E272E3CF6007E0A3D /* UIImageExtention.swift */,
				E2A40430272E3D57007E0A3D /* UIImageViewExtention.swift */,
				E23AF75C273A0C2100EC2018 /* UIApplication.swift */,
			);
			path = Extentions;
			sourceTree = "<group>";
		};
		E2A40432272E79C2007E0A3D /* Network */ = {
			isa = PBXGroup;
			children = (
				E2A4041C272E2EAA007E0A3D /* NetworkManager.swift */,
			);
			path = Network;
			sourceTree = "<group>";
		};
		E2A40435272EB200007E0A3D /* Profile */ = {
			isa = PBXGroup;
			children = (
				E2A40436272EB223007E0A3D /* ProfileTableViewCell.swift */,
				E2A40437272EB223007E0A3D /* ProfileTableViewCell.xib */,
			);
			path = Profile;
			sourceTree = "<group>";
		};
		E2A4043A272EB348007E0A3D /* Details */ = {
			isa = PBXGroup;
			children = (
				E2A4043B272EB371007E0A3D /* DetailsTableViewCell.swift */,
				E2A4043C272EB371007E0A3D /* DetailsTableViewCell.xib */,
			);
			path = Details;
			sourceTree = "<group>";
		};
		E2A40441272ECA86007E0A3D /* AppStoryboard */ = {
			isa = PBXGroup;
			children = (
				E2A40442272ECAA2007E0A3D /* AppStoryboard.swift */,
			);
			path = AppStoryboard;
			sourceTree = "<group>";
		};
		E2A40446272ED660007E0A3D /* Core */ = {
			isa = PBXGroup;
			children = (
				E2A40447272ED67B007E0A3D /* UITableView+Reuseble.swift */,
				E2A40449272ED6FD007E0A3D /* Reusable.swift */,
				E2A4044C272ED78D007E0A3D /* UIView+Nib.swift */,
			);
			path = Core;
			sourceTree = "<group>";
		};
		E2A4044E272EDBA3007E0A3D /* Constant */ = {
			isa = PBXGroup;
			children = (
				E2A4044F272EDBB7007E0A3D /* Constant.swift */,
				E23AF75027398C7600EC2018 /* APIEndpoints.swift */,
				E23AF757273A08B600EC2018 /* ErrorDetails.swift */,
			);
			path = Constant;
			sourceTree = "<group>";
		};
/* End PBXGroup section */

/* Begin PBXNativeTarget section */
		E2A403DF272E2CD9007E0A3D /* PluangeDemo */ = {
			isa = PBXNativeTarget;
			buildConfigurationList = E2A4040A272E2CDC007E0A3D /* Build configuration list for PBXNativeTarget "PluangeDemo" */;
			buildPhases = (
				E2A403DC272E2CD9007E0A3D /* Sources */,
				E2A403DD272E2CD9007E0A3D /* Frameworks */,
				E2A403DE272E2CD9007E0A3D /* Resources */,
			);
			buildRules = (
			);
			dependencies = (
			);
			name = PluangeDemo;
			productName = PluangeDemo;
			productReference = E2A403E0272E2CD9007E0A3D /* PluangeDemo.app */;
			productType = "com.apple.product-type.application";
		};
		E2A403F5272E2CDC007E0A3D /* PluangeDemoTests */ = {
			isa = PBXNativeTarget;
			buildConfigurationList = E2A4040D272E2CDC007E0A3D /* Build configuration list for PBXNativeTarget "PluangeDemoTests" */;
			buildPhases = (
				E2A403F2272E2CDC007E0A3D /* Sources */,
				E2A403F3272E2CDC007E0A3D /* Frameworks */,
				E2A403F4272E2CDC007E0A3D /* Resources */,
			);
			buildRules = (
			);
			dependencies = (
				E2A403F8272E2CDC007E0A3D /* PBXTargetDependency */,
			);
			name = PluangeDemoTests;
			productName = PluangeDemoTests;
			productReference = E2A403F6272E2CDC007E0A3D /* PluangeDemoTests.xctest */;
			productType = "com.apple.product-type.bundle.unit-test";
		};
		E2A403FF272E2CDC007E0A3D /* PluangeDemoUITests */ = {
			isa = PBXNativeTarget;
			buildConfigurationList = E2A40410272E2CDC007E0A3D /* Build configuration list for PBXNativeTarget "PluangeDemoUITests" */;
			buildPhases = (
				E2A403FC272E2CDC007E0A3D /* Sources */,
				E2A403FD272E2CDC007E0A3D /* Frameworks */,
				E2A403FE272E2CDC007E0A3D /* Resources */,
			);
			buildRules = (
			);
			dependencies = (
				E2A40402272E2CDC007E0A3D /* PBXTargetDependency */,
			);
			name = PluangeDemoUITests;
			productName = PluangeDemoUITests;
			productReference = E2A40400272E2CDC007E0A3D /* PluangeDemoUITests.xctest */;
			productType = "com.apple.product-type.bundle.ui-testing";
		};
/* End PBXNativeTarget section */

/* Begin PBXProject section */
		E2A403D8272E2CD9007E0A3D /* Project object */ = {
			isa = PBXProject;
			attributes = {
				BuildIndependentTargetsInParallel = 1;
				LastSwiftUpdateCheck = 1300;
				LastUpgradeCheck = 1300;
				TargetAttributes = {
					E2A403DF272E2CD9007E0A3D = {
						CreatedOnToolsVersion = 13.0;
					};
					E2A403F5272E2CDC007E0A3D = {
						CreatedOnToolsVersion = 13.0;
						TestTargetID = E2A403DF272E2CD9007E0A3D;
					};
					E2A403FF272E2CDC007E0A3D = {
						CreatedOnToolsVersion = 13.0;
						TestTargetID = E2A403DF272E2CD9007E0A3D;
					};
				};
			};
			buildConfigurationList = E2A403DB272E2CD9007E0A3D /* Build configuration list for PBXProject "PluangeDemo" */;
			compatibilityVersion = "Xcode 13.0";
			developmentRegion = en;
			hasScannedForEncodings = 0;
			knownRegions = (
				en,
				Base,
			);
			mainGroup = E2A403D7272E2CD9007E0A3D;
			productRefGroup = E2A403E1272E2CD9007E0A3D /* Products */;
			projectDirPath = "";
			projectRoot = "";
			targets = (
				E2A403DF272E2CD9007E0A3D /* PluangeDemo */,
				E2A403F5272E2CDC007E0A3D /* PluangeDemoTests */,
				E2A403FF272E2CDC007E0A3D /* PluangeDemoUITests */,
			);
		};
/* End PBXProject section */

/* Begin PBXResourcesBuildPhase section */
		E2A403DE272E2CD9007E0A3D /* Resources */ = {
			isa = PBXResourcesBuildPhase;
			buildActionMask = 2147483647;
			files = (
				E2A403F0272E2CDC007E0A3D /* LaunchScreen.storyboard in Resources */,
				E23AF7562739916700EC2018 /* DetailImageTableViewCell.xib in Resources */,
				E2A403ED272E2CDC007E0A3D /* Assets.xcassets in Resources */,
				E2A4043E272EB371007E0A3D /* DetailsTableViewCell.xib in Resources */,
				E2A40423272E349A007E0A3D /* HomeTableViewCell.xib in Resources */,
				E2A403EB272E2CD9007E0A3D /* Main.storyboard in Resources */,
				E2A40439272EB223007E0A3D /* ProfileTableViewCell.xib in Resources */,
			);
			runOnlyForDeploymentPostprocessing = 0;
		};
		E2A403F4272E2CDC007E0A3D /* Resources */ = {
			isa = PBXResourcesBuildPhase;
			buildActionMask = 2147483647;
			files = (
			);
			runOnlyForDeploymentPostprocessing = 0;
		};
		E2A403FE272E2CDC007E0A3D /* Resources */ = {
			isa = PBXResourcesBuildPhase;
			buildActionMask = 2147483647;
			files = (
			);
			runOnlyForDeploymentPostprocessing = 0;
		};
/* End PBXResourcesBuildPhase section */

/* Begin PBXSourcesBuildPhase section */
		E2A403DC272E2CD9007E0A3D /* Sources */ = {
			isa = PBXSourcesBuildPhase;
			buildActionMask = 2147483647;
			files = (
				E23AF75D273A0C2100EC2018 /* UIApplication.swift in Sources */,
				E2A40448272ED67B007E0A3D /* UITableView+Reuseble.swift in Sources */,
				E2A4041D272E2EAA007E0A3D /* NetworkManager.swift in Sources */,
				E2A4042A272E3BF8007E0A3D /* CatcheManager.swift in Sources */,
				E23AF75127398C7600EC2018 /* APIEndpoints.swift in Sources */,
				E2A40440272EB76D007E0A3D /* DetailsViewModel.swift in Sources */,
				E2A40425272E367A007E0A3D /* HomeViewModel.swift in Sources */,
				E23AF7552739916700EC2018 /* DetailImageTableViewCell.swift in Sources */,
				E2A4042C272E3C1B007E0A3D /* ImageCatche.swift in Sources */,
				E2A40422272E349A007E0A3D /* HomeTableViewCell.swift in Sources */,
				E2A40431272E3D57007E0A3D /* UIImageViewExtention.swift in Sources */,
				E23AF75B273A0BB700EC2018 /* Utility.swift in Sources */,
				E2A4044D272ED78D007E0A3D /* UIView+Nib.swift in Sources */,
				E2A40445272ED577007E0A3D /* BaseViewController.swift in Sources */,
				E2A4043D272EB371007E0A3D /* DetailsTableViewCell.swift in Sources */,
				E23AF758273A08B600EC2018 /* ErrorDetails.swift in Sources */,
				E2A40443272ECAA2007E0A3D /* AppStoryboard.swift in Sources */,
				E2A40427272E38F8007E0A3D /* HomeModel.swift in Sources */,
				E2A403E8272E2CD9007E0A3D /* ViewController.swift in Sources */,
				E2A40450272EDBB7007E0A3D /* Constant.swift in Sources */,
				E2A403E4272E2CD9007E0A3D /* AppDelegate.swift in Sources */,
				E2A40438272EB223007E0A3D /* ProfileTableViewCell.swift in Sources */,
				E2A4042F272E3CF6007E0A3D /* UIImageExtention.swift in Sources */,
				E2A4044A272ED6FD007E0A3D /* Reusable.swift in Sources */,
				E2A403E6272E2CD9007E0A3D /* SceneDelegate.swift in Sources */,
				E2A40434272EB198007E0A3D /* DetailsViewController.swift in Sources */,
			);
			runOnlyForDeploymentPostprocessing = 0;
		};
		E2A403F2272E2CDC007E0A3D /* Sources */ = {
			isa = PBXSourcesBuildPhase;
			buildActionMask = 2147483647;
			files = (
				E2A403FB272E2CDC007E0A3D /* PluangeDemoTests.swift in Sources */,
			);
			runOnlyForDeploymentPostprocessing = 0;
		};
		E2A403FC272E2CDC007E0A3D /* Sources */ = {
			isa = PBXSourcesBuildPhase;
			buildActionMask = 2147483647;
			files = (
				E2A40407272E2CDC007E0A3D /* PluangeDemoUITestsLaunchTests.swift in Sources */,
				E2A40405272E2CDC007E0A3D /* PluangeDemoUITests.swift in Sources */,
			);
			runOnlyForDeploymentPostprocessing = 0;
		};
/* End PBXSourcesBuildPhase section */

/* Begin PBXTargetDependency section */
		E2A403F8272E2CDC007E0A3D /* PBXTargetDependency */ = {
			isa = PBXTargetDependency;
			target = E2A403DF272E2CD9007E0A3D /* PluangeDemo */;
			targetProxy = E2A403F7272E2CDC007E0A3D /* PBXContainerItemProxy */;
		};
		E2A40402272E2CDC007E0A3D /* PBXTargetDependency */ = {
			isa = PBXTargetDependency;
			target = E2A403DF272E2CD9007E0A3D /* PluangeDemo */;
			targetProxy = E2A40401272E2CDC007E0A3D /* PBXContainerItemProxy */;
		};
/* End PBXTargetDependency section */

/* Begin PBXVariantGroup section */
		E2A403E9272E2CD9007E0A3D /* Main.storyboard */ = {
			isa = PBXVariantGroup;
			children = (
				E2A403EA272E2CD9007E0A3D /* Base */,
			);
			name = Main.storyboard;
			sourceTree = "<group>";
		};
		E2A403EE272E2CDC007E0A3D /* LaunchScreen.storyboard */ = {
			isa = PBXVariantGroup;
			children = (
				E2A403EF272E2CDC007E0A3D /* Base */,
			);
			name = LaunchScreen.storyboard;
			sourceTree = "<group>";
		};
/* End PBXVariantGroup section */

/* Begin XCBuildConfiguration section */
		E2A40408272E2CDC007E0A3D /* Debug */ = {
			isa = XCBuildConfiguration;
			buildSettings = {
				ALWAYS_SEARCH_USER_PATHS = NO;
				CLANG_ANALYZER_NONNULL = YES;
				CLANG_ANALYZER_NUMBER_OBJECT_CONVERSION = YES_AGGRESSIVE;
				CLANG_CXX_LANGUAGE_STANDARD = "gnu++17";
				CLANG_CXX_LIBRARY = "libc++";
				CLANG_ENABLE_MODULES = YES;
				CLANG_ENABLE_OBJC_ARC = YES;
				CLANG_ENABLE_OBJC_WEAK = YES;
				CLANG_WARN_BLOCK_CAPTURE_AUTORELEASING = YES;
				CLANG_WARN_BOOL_CONVERSION = YES;
				CLANG_WARN_COMMA = YES;
				CLANG_WARN_CONSTANT_CONVERSION = YES;
				CLANG_WARN_DEPRECATED_OBJC_IMPLEMENTATIONS = YES;
				CLANG_WARN_DIRECT_OBJC_ISA_USAGE = YES_ERROR;
				CLANG_WARN_DOCUMENTATION_COMMENTS = YES;
				CLANG_WARN_EMPTY_BODY = YES;
				CLANG_WARN_ENUM_CONVERSION = YES;
				CLANG_WARN_INFINITE_RECURSION = YES;
				CLANG_WARN_INT_CONVERSION = YES;
				CLANG_WARN_NON_LITERAL_NULL_CONVERSION = YES;
				CLANG_WARN_OBJC_IMPLICIT_RETAIN_SELF = YES;
				CLANG_WARN_OBJC_LITERAL_CONVERSION = YES;
				CLANG_WARN_OBJC_ROOT_CLASS = YES_ERROR;
				CLANG_WARN_QUOTED_INCLUDE_IN_FRAMEWORK_HEADER = YES;
				CLANG_WARN_RANGE_LOOP_ANALYSIS = YES;
				CLANG_WARN_STRICT_PROTOTYPES = YES;
				CLANG_WARN_SUSPICIOUS_MOVE = YES;
				CLANG_WARN_UNGUARDED_AVAILABILITY = YES_AGGRESSIVE;
				CLANG_WARN_UNREACHABLE_CODE = YES;
				CLANG_WARN__DUPLICATE_METHOD_MATCH = YES;
				COPY_PHASE_STRIP = NO;
				DEBUG_INFORMATION_FORMAT = dwarf;
				ENABLE_STRICT_OBJC_MSGSEND = YES;
				ENABLE_TESTABILITY = YES;
				GCC_C_LANGUAGE_STANDARD = gnu11;
				GCC_DYNAMIC_NO_PIC = NO;
				GCC_NO_COMMON_BLOCKS = YES;
				GCC_OPTIMIZATION_LEVEL = 0;
				GCC_PREPROCESSOR_DEFINITIONS = (
					"DEBUG=1",
					"$(inherited)",
				);
				GCC_WARN_64_TO_32_BIT_CONVERSION = YES;
				GCC_WARN_ABOUT_RETURN_TYPE = YES_ERROR;
				GCC_WARN_UNDECLARED_SELECTOR = YES;
				GCC_WARN_UNINITIALIZED_AUTOS = YES_AGGRESSIVE;
				GCC_WARN_UNUSED_FUNCTION = YES;
				GCC_WARN_UNUSED_VARIABLE = YES;
				IPHONEOS_DEPLOYMENT_TARGET = 15.0;
				MTL_ENABLE_DEBUG_INFO = INCLUDE_SOURCE;
				MTL_FAST_MATH = YES;
				ONLY_ACTIVE_ARCH = YES;
				SDKROOT = iphoneos;
				SWIFT_ACTIVE_COMPILATION_CONDITIONS = DEBUG;
				SWIFT_OPTIMIZATION_LEVEL = "-Onone";
			};
			name = Debug;
		};
		E2A40409272E2CDC007E0A3D /* Release */ = {
			isa = XCBuildConfiguration;
			buildSettings = {
				ALWAYS_SEARCH_USER_PATHS = NO;
				CLANG_ANALYZER_NONNULL = YES;
				CLANG_ANALYZER_NUMBER_OBJECT_CONVERSION = YES_AGGRESSIVE;
				CLANG_CXX_LANGUAGE_STANDARD = "gnu++17";
				CLANG_CXX_LIBRARY = "libc++";
				CLANG_ENABLE_MODULES = YES;
				CLANG_ENABLE_OBJC_ARC = YES;
				CLANG_ENABLE_OBJC_WEAK = YES;
				CLANG_WARN_BLOCK_CAPTURE_AUTORELEASING = YES;
				CLANG_WARN_BOOL_CONVERSION = YES;
				CLANG_WARN_COMMA = YES;
				CLANG_WARN_CONSTANT_CONVERSION = YES;
				CLANG_WARN_DEPRECATED_OBJC_IMPLEMENTATIONS = YES;
				CLANG_WARN_DIRECT_OBJC_ISA_USAGE = YES_ERROR;
				CLANG_WARN_DOCUMENTATION_COMMENTS = YES;
				CLANG_WARN_EMPTY_BODY = YES;
				CLANG_WARN_ENUM_CONVERSION = YES;
				CLANG_WARN_INFINITE_RECURSION = YES;
				CLANG_WARN_INT_CONVERSION = YES;
				CLANG_WARN_NON_LITERAL_NULL_CONVERSION = YES;
				CLANG_WARN_OBJC_IMPLICIT_RETAIN_SELF = YES;
				CLANG_WARN_OBJC_LITERAL_CONVERSION = YES;
				CLANG_WARN_OBJC_ROOT_CLASS = YES_ERROR;
				CLANG_WARN_QUOTED_INCLUDE_IN_FRAMEWORK_HEADER = YES;
				CLANG_WARN_RANGE_LOOP_ANALYSIS = YES;
				CLANG_WARN_STRICT_PROTOTYPES = YES;
				CLANG_WARN_SUSPICIOUS_MOVE = YES;
				CLANG_WARN_UNGUARDED_AVAILABILITY = YES_AGGRESSIVE;
				CLANG_WARN_UNREACHABLE_CODE = YES;
				CLANG_WARN__DUPLICATE_METHOD_MATCH = YES;
				COPY_PHASE_STRIP = NO;
				DEBUG_INFORMATION_FORMAT = "dwarf-with-dsym";
				ENABLE_NS_ASSERTIONS = NO;
				ENABLE_STRICT_OBJC_MSGSEND = YES;
				GCC_C_LANGUAGE_STANDARD = gnu11;
				GCC_NO_COMMON_BLOCKS = YES;
				GCC_WARN_64_TO_32_BIT_CONVERSION = YES;
				GCC_WARN_ABOUT_RETURN_TYPE = YES_ERROR;
				GCC_WARN_UNDECLARED_SELECTOR = YES;
				GCC_WARN_UNINITIALIZED_AUTOS = YES_AGGRESSIVE;
				GCC_WARN_UNUSED_FUNCTION = YES;
				GCC_WARN_UNUSED_VARIABLE = YES;
				IPHONEOS_DEPLOYMENT_TARGET = 15.0;
				MTL_ENABLE_DEBUG_INFO = NO;
				MTL_FAST_MATH = YES;
				SDKROOT = iphoneos;
				SWIFT_COMPILATION_MODE = wholemodule;
				SWIFT_OPTIMIZATION_LEVEL = "-O";
				VALIDATE_PRODUCT = YES;
			};
			name = Release;
		};
		E2A4040B272E2CDC007E0A3D /* Debug */ = {
			isa = XCBuildConfiguration;
			buildSettings = {
				ASSETCATALOG_COMPILER_APPICON_NAME = AppIcon;
				ASSETCATALOG_COMPILER_GLOBAL_ACCENT_COLOR_NAME = AccentColor;
				CODE_SIGN_STYLE = Automatic;
				CURRENT_PROJECT_VERSION = 1;
				GENERATE_INFOPLIST_FILE = YES;
				INFOPLIST_FILE = PluangeDemo/Info.plist;
				INFOPLIST_KEY_UIApplicationSupportsIndirectInputEvents = YES;
				INFOPLIST_KEY_UILaunchStoryboardName = LaunchScreen;
				INFOPLIST_KEY_UIMainStoryboardFile = Main;
				INFOPLIST_KEY_UISupportedInterfaceOrientations_iPad = "UIInterfaceOrientationPortrait UIInterfaceOrientationPortraitUpsideDown UIInterfaceOrientationLandscapeLeft UIInterfaceOrientationLandscapeRight";
				INFOPLIST_KEY_UISupportedInterfaceOrientations_iPhone = "UIInterfaceOrientationPortrait UIInterfaceOrientationLandscapeLeft UIInterfaceOrientationLandscapeRight";
				LD_RUNPATH_SEARCH_PATHS = (
					"$(inherited)",
					"@executable_path/Frameworks",
				);
				MARKETING_VERSION = 1.0;
				PRODUCT_BUNDLE_IDENTIFIER = Dew.PluangeDemo;
				PRODUCT_NAME = "$(TARGET_NAME)";
				SWIFT_EMIT_LOC_STRINGS = YES;
				SWIFT_VERSION = 5.0;
				TARGETED_DEVICE_FAMILY = "1,2";
			};
			name = Debug;
		};
		E2A4040C272E2CDC007E0A3D /* Release */ = {
			isa = XCBuildConfiguration;
			buildSettings = {
				ASSETCATALOG_COMPILER_APPICON_NAME = AppIcon;
				ASSETCATALOG_COMPILER_GLOBAL_ACCENT_COLOR_NAME = AccentColor;
				CODE_SIGN_STYLE = Automatic;
				CURRENT_PROJECT_VERSION = 1;
				GENERATE_INFOPLIST_FILE = YES;
				INFOPLIST_FILE = PluangeDemo/Info.plist;
				INFOPLIST_KEY_UIApplicationSupportsIndirectInputEvents = YES;
				INFOPLIST_KEY_UILaunchStoryboardName = LaunchScreen;
				INFOPLIST_KEY_UIMainStoryboardFile = Main;
				INFOPLIST_KEY_UISupportedInterfaceOrientations_iPad = "UIInterfaceOrientationPortrait UIInterfaceOrientationPortraitUpsideDown UIInterfaceOrientationLandscapeLeft UIInterfaceOrientationLandscapeRight";
				INFOPLIST_KEY_UISupportedInterfaceOrientations_iPhone = "UIInterfaceOrientationPortrait UIInterfaceOrientationLandscapeLeft UIInterfaceOrientationLandscapeRight";
				LD_RUNPATH_SEARCH_PATHS = (
					"$(inherited)",
					"@executable_path/Frameworks",
				);
				MARKETING_VERSION = 1.0;
				PRODUCT_BUNDLE_IDENTIFIER = Dew.PluangeDemo;
				PRODUCT_NAME = "$(TARGET_NAME)";
				SWIFT_EMIT_LOC_STRINGS = YES;
				SWIFT_VERSION = 5.0;
				TARGETED_DEVICE_FAMILY = "1,2";
			};
			name = Release;
		};
		E2A4040E272E2CDC007E0A3D /* Debug */ = {
			isa = XCBuildConfiguration;
			buildSettings = {
				ALWAYS_EMBED_SWIFT_STANDARD_LIBRARIES = YES;
				BUNDLE_LOADER = "$(TEST_HOST)";
				CODE_SIGN_STYLE = Automatic;
				CURRENT_PROJECT_VERSION = 1;
				GENERATE_INFOPLIST_FILE = YES;
				IPHONEOS_DEPLOYMENT_TARGET = 15.0;
				LD_RUNPATH_SEARCH_PATHS = (
					"$(inherited)",
					"@executable_path/Frameworks",
					"@loader_path/Frameworks",
				);
				MARKETING_VERSION = 1.0;
				PRODUCT_BUNDLE_IDENTIFIER = Dew.PluangeDemoTests;
				PRODUCT_NAME = "$(TARGET_NAME)";
				SWIFT_EMIT_LOC_STRINGS = NO;
				SWIFT_VERSION = 5.0;
				TARGETED_DEVICE_FAMILY = "1,2";
				TEST_HOST = "$(BUILT_PRODUCTS_DIR)/PluangeDemo.app/PluangeDemo";
			};
			name = Debug;
		};
		E2A4040F272E2CDC007E0A3D /* Release */ = {
			isa = XCBuildConfiguration;
			buildSettings = {
				ALWAYS_EMBED_SWIFT_STANDARD_LIBRARIES = YES;
				BUNDLE_LOADER = "$(TEST_HOST)";
				CODE_SIGN_STYLE = Automatic;
				CURRENT_PROJECT_VERSION = 1;
				GENERATE_INFOPLIST_FILE = YES;
				IPHONEOS_DEPLOYMENT_TARGET = 15.0;
				LD_RUNPATH_SEARCH_PATHS = (
					"$(inherited)",
					"@executable_path/Frameworks",
					"@loader_path/Frameworks",
				);
				MARKETING_VERSION = 1.0;
				PRODUCT_BUNDLE_IDENTIFIER = Dew.PluangeDemoTests;
				PRODUCT_NAME = "$(TARGET_NAME)";
				SWIFT_EMIT_LOC_STRINGS = NO;
				SWIFT_VERSION = 5.0;
				TARGETED_DEVICE_FAMILY = "1,2";
				TEST_HOST = "$(BUILT_PRODUCTS_DIR)/PluangeDemo.app/PluangeDemo";
			};
			name = Release;
		};
		E2A40411272E2CDC007E0A3D /* Debug */ = {
			isa = XCBuildConfiguration;
			buildSettings = {
				ALWAYS_EMBED_SWIFT_STANDARD_LIBRARIES = YES;
				CODE_SIGN_STYLE = Automatic;
				CURRENT_PROJECT_VERSION = 1;
				GENERATE_INFOPLIST_FILE = YES;
				LD_RUNPATH_SEARCH_PATHS = (
					"$(inherited)",
					"@executable_path/Frameworks",
					"@loader_path/Frameworks",
				);
				MARKETING_VERSION = 1.0;
				PRODUCT_BUNDLE_IDENTIFIER = Dew.PluangeDemoUITests;
				PRODUCT_NAME = "$(TARGET_NAME)";
				SWIFT_EMIT_LOC_STRINGS = NO;
				SWIFT_VERSION = 5.0;
				TARGETED_DEVICE_FAMILY = "1,2";
				TEST_TARGET_NAME = PluangeDemo;
			};
			name = Debug;
		};
		E2A40412272E2CDC007E0A3D /* Release */ = {
			isa = XCBuildConfiguration;
			buildSettings = {
				ALWAYS_EMBED_SWIFT_STANDARD_LIBRARIES = YES;
				CODE_SIGN_STYLE = Automatic;
				CURRENT_PROJECT_VERSION = 1;
				GENERATE_INFOPLIST_FILE = YES;
				LD_RUNPATH_SEARCH_PATHS = (
					"$(inherited)",
					"@executable_path/Frameworks",
					"@loader_path/Frameworks",
				);
				MARKETING_VERSION = 1.0;
				PRODUCT_BUNDLE_IDENTIFIER = Dew.PluangeDemoUITests;
				PRODUCT_NAME = "$(TARGET_NAME)";
				SWIFT_EMIT_LOC_STRINGS = NO;
				SWIFT_VERSION = 5.0;
				TARGETED_DEVICE_FAMILY = "1,2";
				TEST_TARGET_NAME = PluangeDemo;
			};
			name = Release;
		};
/* End XCBuildConfiguration section */

/* Begin XCConfigurationList section */
		E2A403DB272E2CD9007E0A3D /* Build configuration list for PBXProject "PluangeDemo" */ = {
			isa = XCConfigurationList;
			buildConfigurations = (
				E2A40408272E2CDC007E0A3D /* Debug */,
				E2A40409272E2CDC007E0A3D /* Release */,
			);
			defaultConfigurationIsVisible = 0;
			defaultConfigurationName = Release;
		};
		E2A4040A272E2CDC007E0A3D /* Build configuration list for PBXNativeTarget "PluangeDemo" */ = {
			isa = XCConfigurationList;
			buildConfigurations = (
				E2A4040B272E2CDC007E0A3D /* Debug */,
				E2A4040C272E2CDC007E0A3D /* Release */,
			);
			defaultConfigurationIsVisible = 0;
			defaultConfigurationName = Release;
		};
		E2A4040D272E2CDC007E0A3D /* Build configuration list for PBXNativeTarget "PluangeDemoTests" */ = {
			isa = XCConfigurationList;
			buildConfigurations = (
				E2A4040E272E2CDC007E0A3D /* Debug */,
				E2A4040F272E2CDC007E0A3D /* Release */,
			);
			defaultConfigurationIsVisible = 0;
			defaultConfigurationName = Release;
		};
		E2A40410272E2CDC007E0A3D /* Build configuration list for PBXNativeTarget "PluangeDemoUITests" */ = {
			isa = XCConfigurationList;
			buildConfigurations = (
				E2A40411272E2CDC007E0A3D /* Debug */,
				E2A40412272E2CDC007E0A3D /* Release */,
			);
			defaultConfigurationIsVisible = 0;
			defaultConfigurationName = Release;
		};
/* End XCConfigurationList section */
	};
	rootObject = E2A403D8272E2CD9007E0A3D /* Project object */;
}
